
Microsoft Visual Studio Solution File, Format Version 12.00
# Visual Studio Version 17
VisualStudioVersion = 17.11.35222.181
MinimumVisualStudioVersion = 10.0.40219.1
Project("{FAE04EC0-301F-11D3-BF4B-00C04F79EFBC}") = "TaskSchedulerTemplate", "TaskSchedulerTemplate\TaskSchedulerTemplate.csproj", "{EA051647-981A-42E7-952B-081AF1334727}"
EndProject
Global
	GlobalSection(SolutionConfigurationPlatforms) = preSolution
		Debug|Any CPU = Debug|Any CPU
		Release|Any CPU = Release|Any CPU
	EndGlobalSection
	GlobalSection(ProjectConfigurationPlatforms) = postSolution
		{EA051647-981A-42E7-952B-081AF1334727}.Debug|Any CPU.ActiveCfg = Debug|Any CPU
		{EA051647-981A-42E7-952B-081AF1334727}.Debug|Any CPU.Build.0 = Debug|Any CPU
		{EA051647-981A-42E7-952B-081AF1334727}.Release|Any CPU.ActiveCfg = Release|Any CPU
		{EA051647-981A-42E7-952B-081AF1334727}.Release|Any CPU.Build.0 = Release|Any CPU
	EndGlobalSection
	GlobalSection(SolutionProperties) = preSolution
		HideSolutionNode = FALSE
	EndGlobalSection
	GlobalSection(ExtensibilityGlobals) = postSolution
		SolutionGuid = {3732943C-51EA-413C-A25D-AAF7F00AEB8B}
	EndGlobalSection
EndGlobal
